// !$*UTF8*$!
{
	archiveVersion = 1;
	classes = {
	};
	objectVersion = 55;
	objects = {

/* Begin PBXBuildFile section */
		79003B11284A2B530076EBAF /* UINavigationController.swift in Sources */ = {isa = PBXBuildFile; fileRef = 79003B10284A2B530076EBAF /* UINavigationController.swift */; };
		79372D85282D74450082DAB1 /* LogInViewController.swift in Sources */ = {isa = PBXBuildFile; fileRef = 79372D84282D74450082DAB1 /* LogInViewController.swift */; };
		79398E73281AD24600E2648C /* InfoViewController.swift in Sources */ = {isa = PBXBuildFile; fileRef = 79398E72281AD24600E2648C /* InfoViewController.swift */; };
		794D507528183BFA00B1A28E /* AppDelegate.swift in Sources */ = {isa = PBXBuildFile; fileRef = 794D507428183BFA00B1A28E /* AppDelegate.swift */; };
		794D507E28183BFB00B1A28E /* Assets.xcassets in Resources */ = {isa = PBXBuildFile; fileRef = 794D507D28183BFB00B1A28E /* Assets.xcassets */; };
		794D508128183BFB00B1A28E /* LaunchScreen.storyboard in Resources */ = {isa = PBXBuildFile; fileRef = 794D507F28183BFB00B1A28E /* LaunchScreen.storyboard */; };
		7961E84F2842099E001C4631 /* Posts.swift in Sources */ = {isa = PBXBuildFile; fileRef = 7961E84E2842099E001C4631 /* Posts.swift */; };
		7962685D283E1EF700C619AC /* PhotosTableViewCell.swift in Sources */ = {isa = PBXBuildFile; fileRef = 7962685C283E1EF700C619AC /* PhotosTableViewCell.swift */; };
		7985A922281BE3350043F288 /* ProfileHeaderView.swift in Sources */ = {isa = PBXBuildFile; fileRef = 7985A921281BE3350043F288 /* ProfileHeaderView.swift */; };
		798C615228367239009EAF50 /* PostTableViewCell.swift in Sources */ = {isa = PBXBuildFile; fileRef = 798C615128367239009EAF50 /* PostTableViewCell.swift */; };
		798C61542836AEF8009EAF50 /* UIView+extension.swift in Sources */ = {isa = PBXBuildFile; fileRef = 798C61532836AEF8009EAF50 /* UIView+extension.swift */; };
		79A9E51F2864830700CC3DF3 /* StorageService.h in Headers */ = {isa = PBXBuildFile; fileRef = 79A9E51E2864830700CC3DF3 /* StorageService.h */; settings = {ATTRIBUTES = (Public, ); }; };
		79A9E5222864830700CC3DF3 /* StorageService.framework in Frameworks */ = {isa = PBXBuildFile; fileRef = 79A9E51C2864830700CC3DF3 /* StorageService.framework */; };
		79A9E5232864830700CC3DF3 /* StorageService.framework in Embed Frameworks */ = {isa = PBXBuildFile; fileRef = 79A9E51C2864830700CC3DF3 /* StorageService.framework */; settings = {ATTRIBUTES = (CodeSignOnCopy, RemoveHeadersOnCopy, ); }; };
		79A9E5282864832E00CC3DF3 /* Post.swift in Sources */ = {isa = PBXBuildFile; fileRef = 79398E70281AC84700E2648C /* Post.swift */; };
		79C53EEB281AB36800E56961 /* FeedViewController.swift in Sources */ = {isa = PBXBuildFile; fileRef = 79C53EEA281AB36800E56961 /* FeedViewController.swift */; };
		79C53EED281AB3E500E56961 /* ProfileViewController.swift in Sources */ = {isa = PBXBuildFile; fileRef = 79C53EEC281AB3E500E56961 /* ProfileViewController.swift */; };
		79C53EF1281ABB5600E56961 /* PostViewController.swift in Sources */ = {isa = PBXBuildFile; fileRef = 79C53EF0281ABB5600E56961 /* PostViewController.swift */; };
		79C94A722842520D00925AAA /* PhotosViewController.swift in Sources */ = {isa = PBXBuildFile; fileRef = 79C94A712842520D00925AAA /* PhotosViewController.swift */; };
		79C94A7628428CD300925AAA /* PhotosCollectionViewCell.swift in Sources */ = {isa = PBXBuildFile; fileRef = 79C94A7528428CD300925AAA /* PhotosCollectionViewCell.swift */; };
/* End PBXBuildFile section */

/* Begin PBXContainerItemProxy section */
		79A9E5202864830700CC3DF3 /* PBXContainerItemProxy */ = {
			isa = PBXContainerItemProxy;
			containerPortal = 794D506928183BFA00B1A28E /* Project object */;
			proxyType = 1;
			remoteGlobalIDString = 79A9E51B2864830700CC3DF3;
			remoteInfo = StorageService;
		};
/* End PBXContainerItemProxy section */

/* Begin PBXCopyFilesBuildPhase section */
		79A9E5242864830700CC3DF3 /* Embed Frameworks */ = {
			isa = PBXCopyFilesBuildPhase;
			buildActionMask = 2147483647;
			dstPath = "";
			dstSubfolderSpec = 10;
			files = (
				79A9E5232864830700CC3DF3 /* StorageService.framework in Embed Frameworks */,
			);
			name = "Embed Frameworks";
			runOnlyForDeploymentPostprocessing = 0;
		};
/* End PBXCopyFilesBuildPhase section */

/* Begin PBXFileReference section */
		79003B10284A2B530076EBAF /* UINavigationController.swift */ = {isa = PBXFileReference; lastKnownFileType = sourcecode.swift; path = UINavigationController.swift; sourceTree = "<group>"; };
		79372D84282D74450082DAB1 /* LogInViewController.swift */ = {isa = PBXFileReference; lastKnownFileType = sourcecode.swift; path = LogInViewController.swift; sourceTree = "<group>"; };
		79398E70281AC84700E2648C /* Post.swift */ = {isa = PBXFileReference; lastKnownFileType = sourcecode.swift; path = Post.swift; sourceTree = "<group>"; };
		79398E72281AD24600E2648C /* InfoViewController.swift */ = {isa = PBXFileReference; lastKnownFileType = sourcecode.swift; path = InfoViewController.swift; sourceTree = "<group>"; };
		794D507128183BFA00B1A28E /* Netology_IOS_graduate_work.app */ = {isa = PBXFileReference; explicitFileType = wrapper.application; includeInIndex = 0; path = Netology_IOS_graduate_work.app; sourceTree = BUILT_PRODUCTS_DIR; };
		794D507428183BFA00B1A28E /* AppDelegate.swift */ = {isa = PBXFileReference; lastKnownFileType = sourcecode.swift; path = AppDelegate.swift; sourceTree = "<group>"; };
		794D507D28183BFB00B1A28E /* Assets.xcassets */ = {isa = PBXFileReference; lastKnownFileType = folder.assetcatalog; path = Assets.xcassets; sourceTree = "<group>"; };
		794D508028183BFB00B1A28E /* Base */ = {isa = PBXFileReference; lastKnownFileType = file.storyboard; name = Base; path = Base.lproj/LaunchScreen.storyboard; sourceTree = "<group>"; };
		794D508228183BFB00B1A28E /* Info.plist */ = {isa = PBXFileReference; lastKnownFileType = text.plist.xml; path = Info.plist; sourceTree = "<group>"; };
		7961E84E2842099E001C4631 /* Posts.swift */ = {isa = PBXFileReference; lastKnownFileType = sourcecode.swift; path = Posts.swift; sourceTree = "<group>"; };
		7962685C283E1EF700C619AC /* PhotosTableViewCell.swift */ = {isa = PBXFileReference; lastKnownFileType = sourcecode.swift; path = PhotosTableViewCell.swift; sourceTree = "<group>"; };
		7985A921281BE3350043F288 /* ProfileHeaderView.swift */ = {isa = PBXFileReference; lastKnownFileType = sourcecode.swift; path = ProfileHeaderView.swift; sourceTree = "<group>"; };
		798C615128367239009EAF50 /* PostTableViewCell.swift */ = {isa = PBXFileReference; lastKnownFileType = sourcecode.swift; path = PostTableViewCell.swift; sourceTree = "<group>"; };
		798C61532836AEF8009EAF50 /* UIView+extension.swift */ = {isa = PBXFileReference; lastKnownFileType = sourcecode.swift; path = "UIView+extension.swift"; sourceTree = "<group>"; };
		79A9E51C2864830700CC3DF3 /* StorageService.framework */ = {isa = PBXFileReference; explicitFileType = wrapper.framework; includeInIndex = 0; path = StorageService.framework; sourceTree = BUILT_PRODUCTS_DIR; };
		79A9E51E2864830700CC3DF3 /* StorageService.h */ = {isa = PBXFileReference; lastKnownFileType = sourcecode.c.h; path = StorageService.h; sourceTree = "<group>"; };
		79C53EEA281AB36800E56961 /* FeedViewController.swift */ = {isa = PBXFileReference; lastKnownFileType = sourcecode.swift; path = FeedViewController.swift; sourceTree = "<group>"; };
		79C53EEC281AB3E500E56961 /* ProfileViewController.swift */ = {isa = PBXFileReference; lastKnownFileType = sourcecode.swift; path = ProfileViewController.swift; sourceTree = "<group>"; };
		79C53EF0281ABB5600E56961 /* PostViewController.swift */ = {isa = PBXFileReference; lastKnownFileType = sourcecode.swift; path = PostViewController.swift; sourceTree = "<group>"; };
		79C94A712842520D00925AAA /* PhotosViewController.swift */ = {isa = PBXFileReference; lastKnownFileType = sourcecode.swift; path = PhotosViewController.swift; sourceTree = "<group>"; };
		79C94A7528428CD300925AAA /* PhotosCollectionViewCell.swift */ = {isa = PBXFileReference; lastKnownFileType = sourcecode.swift; path = PhotosCollectionViewCell.swift; sourceTree = "<group>"; };
/* End PBXFileReference section */

/* Begin PBXFrameworksBuildPhase section */
		794D506E28183BFA00B1A28E /* Frameworks */ = {
			isa = PBXFrameworksBuildPhase;
			buildActionMask = 2147483647;
			files = (
				79A9E5222864830700CC3DF3 /* StorageService.framework in Frameworks */,
			);
			runOnlyForDeploymentPostprocessing = 0;
		};
		79A9E5192864830700CC3DF3 /* Frameworks */ = {
			isa = PBXFrameworksBuildPhase;
			buildActionMask = 2147483647;
			files = (
			);
			runOnlyForDeploymentPostprocessing = 0;
		};
/* End PBXFrameworksBuildPhase section */

/* Begin PBXGroup section */
		791A9523283CD3C6003FB6B4 /* Models */ = {
			isa = PBXGroup;
			children = (
				79398E70281AC84700E2648C /* Post.swift */,
			);
			path = Models;
			sourceTree = "<group>";
		};
		791A9524283CD3F6003FB6B4 /* Views */ = {
			isa = PBXGroup;
			children = (
				7985A921281BE3350043F288 /* ProfileHeaderView.swift */,
			);
			path = Views;
			sourceTree = "<group>";
		};
		794D506828183BFA00B1A28E = {
			isa = PBXGroup;
			children = (
				794D507328183BFA00B1A28E /* Netology_IOS_graduate_work */,
				79A9E51D2864830700CC3DF3 /* StorageService */,
				794D507228183BFA00B1A28E /* Products */,
			);
			sourceTree = "<group>";
		};
		794D507228183BFA00B1A28E /* Products */ = {
			isa = PBXGroup;
			children = (
				794D507128183BFA00B1A28E /* Netology_IOS_graduate_work.app */,
				79A9E51C2864830700CC3DF3 /* StorageService.framework */,
			);
			name = Products;
			sourceTree = "<group>";
		};
		794D507328183BFA00B1A28E /* Netology_IOS_graduate_work */ = {
			isa = PBXGroup;
			children = (
				799760D12860635C00D68308 /* Cells */,
				799760D02860632F00D68308 /* Controllers */,
				7961E84D28420973001C4631 /* Data */,
				791A9524283CD3F6003FB6B4 /* Views */,
				791A9523283CD3C6003FB6B4 /* Models */,
				79ECD41D28379F70003A2F68 /* Extensions */,
				794D507428183BFA00B1A28E /* AppDelegate.swift */,
				794D507D28183BFB00B1A28E /* Assets.xcassets */,
				794D507F28183BFB00B1A28E /* LaunchScreen.storyboard */,
				794D508228183BFB00B1A28E /* Info.plist */,
			);
			path = Netology_IOS_graduate_work;
			sourceTree = "<group>";
		};
		7961E84D28420973001C4631 /* Data */ = {
			isa = PBXGroup;
			children = (
				7961E84E2842099E001C4631 /* Posts.swift */,
			);
			path = Data;
			sourceTree = "<group>";
		};
		799760D02860632F00D68308 /* Controllers */ = {
			isa = PBXGroup;
			children = (
				79398E72281AD24600E2648C /* InfoViewController.swift */,
				79C53EF0281ABB5600E56961 /* PostViewController.swift */,
				79C94A712842520D00925AAA /* PhotosViewController.swift */,
				79372D84282D74450082DAB1 /* LogInViewController.swift */,
				79C53EEC281AB3E500E56961 /* ProfileViewController.swift */,
				79C53EEA281AB36800E56961 /* FeedViewController.swift */,
			);
			path = Controllers;
			sourceTree = "<group>";
		};
		799760D12860635C00D68308 /* Cells */ = {
			isa = PBXGroup;
			children = (
				7962685C283E1EF700C619AC /* PhotosTableViewCell.swift */,
				79C94A7528428CD300925AAA /* PhotosCollectionViewCell.swift */,
				798C615128367239009EAF50 /* PostTableViewCell.swift */,
			);
			path = Cells;
			sourceTree = "<group>";
		};
		79A9E51D2864830700CC3DF3 /* StorageService */ = {
			isa = PBXGroup;
			children = (
				79A9E51E2864830700CC3DF3 /* StorageService.h */,
			);
			path = StorageService;
			sourceTree = "<group>";
		};
		79ECD41D28379F70003A2F68 /* Extensions */ = {
			isa = PBXGroup;
			children = (
				798C61532836AEF8009EAF50 /* UIView+extension.swift */,
				79003B10284A2B530076EBAF /* UINavigationController.swift */,
			);
			path = Extensions;
			sourceTree = "<group>";
		};
/* End PBXGroup section */

/* Begin PBXHeadersBuildPhase section */
		79A9E5172864830700CC3DF3 /* Headers */ = {
			isa = PBXHeadersBuildPhase;
			buildActionMask = 2147483647;
			files = (
				79A9E51F2864830700CC3DF3 /* StorageService.h in Headers */,
			);
			runOnlyForDeploymentPostprocessing = 0;
		};
/* End PBXHeadersBuildPhase section */

/* Begin PBXNativeTarget section */
		794D507028183BFA00B1A28E /* Netology_IOS_graduate_work */ = {
			isa = PBXNativeTarget;
			buildConfigurationList = 794D508528183BFB00B1A28E /* Build configuration list for PBXNativeTarget "Netology_IOS_graduate_work" */;
			buildPhases = (
				794D506D28183BFA00B1A28E /* Sources */,
				794D506E28183BFA00B1A28E /* Frameworks */,
				794D506F28183BFA00B1A28E /* Resources */,
				79A9E5242864830700CC3DF3 /* Embed Frameworks */,
			);
			buildRules = (
			);
			dependencies = (
				79A9E5212864830700CC3DF3 /* PBXTargetDependency */,
			);
			name = Netology_IOS_graduate_work;
			productName = "Netology_IB_Instruments'";
			productReference = 794D507128183BFA00B1A28E /* Netology_IOS_graduate_work.app */;
			productType = "com.apple.product-type.application";
		};
		79A9E51B2864830700CC3DF3 /* StorageService */ = {
			isa = PBXNativeTarget;
			buildConfigurationList = 79A9E5272864830700CC3DF3 /* Build configuration list for PBXNativeTarget "StorageService" */;
			buildPhases = (
				79A9E5172864830700CC3DF3 /* Headers */,
				79A9E5182864830700CC3DF3 /* Sources */,
				79A9E5192864830700CC3DF3 /* Frameworks */,
				79A9E51A2864830700CC3DF3 /* Resources */,
			);
			buildRules = (
			);
			dependencies = (
			);
			name = StorageService;
			productName = StorageService;
			productReference = 79A9E51C2864830700CC3DF3 /* StorageService.framework */;
			productType = "com.apple.product-type.framework";
		};
/* End PBXNativeTarget section */

/* Begin PBXProject section */
		794D506928183BFA00B1A28E /* Project object */ = {
			isa = PBXProject;
			attributes = {
				BuildIndependentTargetsInParallel = 1;
				KnownAssetTags = (
					New,
				);
				LastSwiftUpdateCheck = 1330;
				LastUpgradeCheck = 1330;
				TargetAttributes = {
					794D507028183BFA00B1A28E = {
						CreatedOnToolsVersion = 13.3.1;
					};
					79A9E51B2864830700CC3DF3 = {
						CreatedOnToolsVersion = 13.3.1;
					};
				};
			};
			buildConfigurationList = 794D506C28183BFA00B1A28E /* Build configuration list for PBXProject "Netology_IOS_graduate_work" */;
			compatibilityVersion = "Xcode 13.0";
			developmentRegion = en;
			hasScannedForEncodings = 0;
			knownRegions = (
				en,
				Base,
			);
			mainGroup = 794D506828183BFA00B1A28E;
			productRefGroup = 794D507228183BFA00B1A28E /* Products */;
			projectDirPath = "";
			projectRoot = "";
			targets = (
				794D507028183BFA00B1A28E /* Netology_IOS_graduate_work */,
				79A9E51B2864830700CC3DF3 /* StorageService */,
			);
		};
/* End PBXProject section */

/* Begin PBXResourcesBuildPhase section */
		794D506F28183BFA00B1A28E /* Resources */ = {
			isa = PBXResourcesBuildPhase;
			buildActionMask = 2147483647;
			files = (
				794D508128183BFB00B1A28E /* LaunchScreen.storyboard in Resources */,
				794D507E28183BFB00B1A28E /* Assets.xcassets in Resources */,
			);
			runOnlyForDeploymentPostprocessing = 0;
		};
		79A9E51A2864830700CC3DF3 /* Resources */ = {
			isa = PBXResourcesBuildPhase;
			buildActionMask = 2147483647;
			files = (
			);
			runOnlyForDeploymentPostprocessing = 0;
		};
/* End PBXResourcesBuildPhase section */

/* Begin PBXSourcesBuildPhase section */
		794D506D28183BFA00B1A28E /* Sources */ = {
			isa = PBXSourcesBuildPhase;
			buildActionMask = 2147483647;
			files = (
				798C61542836AEF8009EAF50 /* UIView+extension.swift in Sources */,
				79C53EF1281ABB5600E56961 /* PostViewController.swift in Sources */,
				794D507528183BFA00B1A28E /* AppDelegate.swift in Sources */,
				79372D85282D74450082DAB1 /* LogInViewController.swift in Sources */,
				7962685D283E1EF700C619AC /* PhotosTableViewCell.swift in Sources */,
				7961E84F2842099E001C4631 /* Posts.swift in Sources */,
				79C53EED281AB3E500E56961 /* ProfileViewController.swift in Sources */,
				79398E73281AD24600E2648C /* InfoViewController.swift in Sources */,
				79003B11284A2B530076EBAF /* UINavigationController.swift in Sources */,
				79C53EEB281AB36800E56961 /* FeedViewController.swift in Sources */,
				79C94A7628428CD300925AAA /* PhotosCollectionViewCell.swift in Sources */,
				79C94A722842520D00925AAA /* PhotosViewController.swift in Sources */,
				7985A922281BE3350043F288 /* ProfileHeaderView.swift in Sources */,
				798C615228367239009EAF50 /* PostTableViewCell.swift in Sources */,
			);
			runOnlyForDeploymentPostprocessing = 0;
		};
		79A9E5182864830700CC3DF3 /* Sources */ = {
			isa = PBXSourcesBuildPhase;
			buildActionMask = 2147483647;
			files = (
				79A9E5282864832E00CC3DF3 /* Post.swift in Sources */,
			);
			runOnlyForDeploymentPostprocessing = 0;
		};
/* End PBXSourcesBuildPhase section */

/* Begin PBXTargetDependency section */
		79A9E5212864830700CC3DF3 /* PBXTargetDependency */ = {
			isa = PBXTargetDependency;
			target = 79A9E51B2864830700CC3DF3 /* StorageService */;
			targetProxy = 79A9E5202864830700CC3DF3 /* PBXContainerItemProxy */;
		};
/* End PBXTargetDependency section */

/* Begin PBXVariantGroup section */
		794D507F28183BFB00B1A28E /* LaunchScreen.storyboard */ = {
			isa = PBXVariantGroup;
			children = (
				794D508028183BFB00B1A28E /* Base */,
			);
			name = LaunchScreen.storyboard;
			sourceTree = "<group>";
		};
/* End PBXVariantGroup section */

/* Begin XCBuildConfiguration section */
		794D508328183BFB00B1A28E /* Debug */ = {
			isa = XCBuildConfiguration;
			buildSettings = {
				ALWAYS_SEARCH_USER_PATHS = NO;
				CLANG_ANALYZER_NONNULL = YES;
				CLANG_ANALYZER_NUMBER_OBJECT_CONVERSION = YES_AGGRESSIVE;
				CLANG_CXX_LANGUAGE_STANDARD = "gnu++17";
				CLANG_ENABLE_MODULES = YES;
				CLANG_ENABLE_OBJC_ARC = YES;
				CLANG_ENABLE_OBJC_WEAK = YES;
				CLANG_WARN_BLOCK_CAPTURE_AUTORELEASING = YES;
				CLANG_WARN_BOOL_CONVERSION = YES;
				CLANG_WARN_COMMA = YES;
				CLANG_WARN_CONSTANT_CONVERSION = YES;
				CLANG_WARN_DEPRECATED_OBJC_IMPLEMENTATIONS = YES;
				CLANG_WARN_DIRECT_OBJC_ISA_USAGE = YES_ERROR;
				CLANG_WARN_DOCUMENTATION_COMMENTS = YES;
				CLANG_WARN_EMPTY_BODY = YES;
				CLANG_WARN_ENUM_CONVERSION = YES;
				CLANG_WARN_INFINITE_RECURSION = YES;
				CLANG_WARN_INT_CONVERSION = YES;
				CLANG_WARN_NON_LITERAL_NULL_CONVERSION = YES;
				CLANG_WARN_OBJC_IMPLICIT_RETAIN_SELF = YES;
				CLANG_WARN_OBJC_LITERAL_CONVERSION = YES;
				CLANG_WARN_OBJC_ROOT_CLASS = YES_ERROR;
				CLANG_WARN_QUOTED_INCLUDE_IN_FRAMEWORK_HEADER = YES;
				CLANG_WARN_RANGE_LOOP_ANALYSIS = YES;
				CLANG_WARN_STRICT_PROTOTYPES = YES;
				CLANG_WARN_SUSPICIOUS_MOVE = YES;
				CLANG_WARN_UNGUARDED_AVAILABILITY = YES_AGGRESSIVE;
				CLANG_WARN_UNREACHABLE_CODE = YES;
				CLANG_WARN__DUPLICATE_METHOD_MATCH = YES;
				COPY_PHASE_STRIP = NO;
				DEBUG_INFORMATION_FORMAT = dwarf;
				ENABLE_STRICT_OBJC_MSGSEND = YES;
				ENABLE_TESTABILITY = YES;
				GCC_C_LANGUAGE_STANDARD = gnu11;
				GCC_DYNAMIC_NO_PIC = NO;
				GCC_NO_COMMON_BLOCKS = YES;
				GCC_OPTIMIZATION_LEVEL = 0;
				GCC_PREPROCESSOR_DEFINITIONS = (
					"DEBUG=1",
					"$(inherited)",
				);
				GCC_WARN_64_TO_32_BIT_CONVERSION = YES;
				GCC_WARN_ABOUT_RETURN_TYPE = YES_ERROR;
				GCC_WARN_UNDECLARED_SELECTOR = YES;
				GCC_WARN_UNINITIALIZED_AUTOS = YES_AGGRESSIVE;
				GCC_WARN_UNUSED_FUNCTION = YES;
				GCC_WARN_UNUSED_VARIABLE = YES;
				IPHONEOS_DEPLOYMENT_TARGET = 13.0;
				MTL_ENABLE_DEBUG_INFO = INCLUDE_SOURCE;
				MTL_FAST_MATH = YES;
				ONLY_ACTIVE_ARCH = YES;
				SDKROOT = iphoneos;
				SWIFT_ACTIVE_COMPILATION_CONDITIONS = DEBUG;
				SWIFT_OPTIMIZATION_LEVEL = "-Onone";
			};
			name = Debug;
		};
		794D508428183BFB00B1A28E /* Release */ = {
			isa = XCBuildConfiguration;
			buildSettings = {
				ALWAYS_SEARCH_USER_PATHS = NO;
				CLANG_ANALYZER_NONNULL = YES;
				CLANG_ANALYZER_NUMBER_OBJECT_CONVERSION = YES_AGGRESSIVE;
				CLANG_CXX_LANGUAGE_STANDARD = "gnu++17";
				CLANG_ENABLE_MODULES = YES;
				CLANG_ENABLE_OBJC_ARC = YES;
				CLANG_ENABLE_OBJC_WEAK = YES;
				CLANG_WARN_BLOCK_CAPTURE_AUTORELEASING = YES;
				CLANG_WARN_BOOL_CONVERSION = YES;
				CLANG_WARN_COMMA = YES;
				CLANG_WARN_CONSTANT_CONVERSION = YES;
				CLANG_WARN_DEPRECATED_OBJC_IMPLEMENTATIONS = YES;
				CLANG_WARN_DIRECT_OBJC_ISA_USAGE = YES_ERROR;
				CLANG_WARN_DOCUMENTATION_COMMENTS = YES;
				CLANG_WARN_EMPTY_BODY = YES;
				CLANG_WARN_ENUM_CONVERSION = YES;
				CLANG_WARN_INFINITE_RECURSION = YES;
				CLANG_WARN_INT_CONVERSION = YES;
				CLANG_WARN_NON_LITERAL_NULL_CONVERSION = YES;
				CLANG_WARN_OBJC_IMPLICIT_RETAIN_SELF = YES;
				CLANG_WARN_OBJC_LITERAL_CONVERSION = YES;
				CLANG_WARN_OBJC_ROOT_CLASS = YES_ERROR;
				CLANG_WARN_QUOTED_INCLUDE_IN_FRAMEWORK_HEADER = YES;
				CLANG_WARN_RANGE_LOOP_ANALYSIS = YES;
				CLANG_WARN_STRICT_PROTOTYPES = YES;
				CLANG_WARN_SUSPICIOUS_MOVE = YES;
				CLANG_WARN_UNGUARDED_AVAILABILITY = YES_AGGRESSIVE;
				CLANG_WARN_UNREACHABLE_CODE = YES;
				CLANG_WARN__DUPLICATE_METHOD_MATCH = YES;
				COPY_PHASE_STRIP = NO;
				DEBUG_INFORMATION_FORMAT = "dwarf-with-dsym";
				ENABLE_NS_ASSERTIONS = NO;
				ENABLE_STRICT_OBJC_MSGSEND = YES;
				GCC_C_LANGUAGE_STANDARD = gnu11;
				GCC_NO_COMMON_BLOCKS = YES;
				GCC_WARN_64_TO_32_BIT_CONVERSION = YES;
				GCC_WARN_ABOUT_RETURN_TYPE = YES_ERROR;
				GCC_WARN_UNDECLARED_SELECTOR = YES;
				GCC_WARN_UNINITIALIZED_AUTOS = YES_AGGRESSIVE;
				GCC_WARN_UNUSED_FUNCTION = YES;
				GCC_WARN_UNUSED_VARIABLE = YES;
				IPHONEOS_DEPLOYMENT_TARGET = 13.0;
				MTL_ENABLE_DEBUG_INFO = NO;
				MTL_FAST_MATH = YES;
				SDKROOT = iphoneos;
				SWIFT_COMPILATION_MODE = wholemodule;
				SWIFT_OPTIMIZATION_LEVEL = "-O";
				VALIDATE_PRODUCT = YES;
			};
			name = Release;
		};
		794D508628183BFB00B1A28E /* Debug */ = {
			isa = XCBuildConfiguration;
			buildSettings = {
				ALWAYS_EMBED_SWIFT_STANDARD_LIBRARIES = YES;
				ASSETCATALOG_COMPILER_APPICON_NAME = AppIcon;
				ASSETCATALOG_COMPILER_GLOBAL_ACCENT_COLOR_NAME = AccentColor;
				CODE_SIGN_STYLE = Automatic;
				CURRENT_PROJECT_VERSION = 1;
				DEVELOPMENT_TEAM = V72FC8R65V;
				GENERATE_INFOPLIST_FILE = YES;
				INFOPLIST_FILE = Netology_IOS_graduate_work/Info.plist;
				INFOPLIST_KEY_UIApplicationSupportsIndirectInputEvents = YES;
				INFOPLIST_KEY_UILaunchStoryboardName = LaunchScreen;
				INFOPLIST_KEY_UISupportedInterfaceOrientations_iPad = "UIInterfaceOrientationPortrait UIInterfaceOrientationPortraitUpsideDown UIInterfaceOrientationLandscapeLeft UIInterfaceOrientationLandscapeRight";
				INFOPLIST_KEY_UISupportedInterfaceOrientations_iPhone = "UIInterfaceOrientationPortrait UIInterfaceOrientationLandscapeLeft UIInterfaceOrientationLandscapeRight";
				IPHONEOS_DEPLOYMENT_TARGET = 13.0;
				LD_RUNPATH_SEARCH_PATHS = (
					"$(inherited)",
					"@executable_path/Frameworks",
				);
				MARKETING_VERSION = 1.0;
				PRODUCT_BUNDLE_IDENTIFIER = "Roman.Netology-IB-Instruments-";
				PRODUCT_NAME = "$(TARGET_NAME)";
				SWIFT_EMIT_LOC_STRINGS = YES;
				SWIFT_VERSION = 5.0;
				TARGETED_DEVICE_FAMILY = "1,2";
			};
			name = Debug;
		};
		794D508728183BFB00B1A28E /* Release */ = {
			isa = XCBuildConfiguration;
			buildSettings = {
				ALWAYS_EMBED_SWIFT_STANDARD_LIBRARIES = YES;
				ASSETCATALOG_COMPILER_APPICON_NAME = AppIcon;
				ASSETCATALOG_COMPILER_GLOBAL_ACCENT_COLOR_NAME = AccentColor;
				CODE_SIGN_STYLE = Automatic;
				CURRENT_PROJECT_VERSION = 1;
				DEVELOPMENT_TEAM = V72FC8R65V;
				GENERATE_INFOPLIST_FILE = YES;
				INFOPLIST_FILE = Netology_IOS_graduate_work/Info.plist;
				INFOPLIST_KEY_UIApplicationSupportsIndirectInputEvents = YES;
				INFOPLIST_KEY_UILaunchStoryboardName = LaunchScreen;
				INFOPLIST_KEY_UISupportedInterfaceOrientations_iPad = "UIInterfaceOrientationPortrait UIInterfaceOrientationPortraitUpsideDown UIInterfaceOrientationLandscapeLeft UIInterfaceOrientationLandscapeRight";
				INFOPLIST_KEY_UISupportedInterfaceOrientations_iPhone = "UIInterfaceOrientationPortrait UIInterfaceOrientationLandscapeLeft UIInterfaceOrientationLandscapeRight";
				IPHONEOS_DEPLOYMENT_TARGET = 13.0;
				LD_RUNPATH_SEARCH_PATHS = (
					"$(inherited)",
					"@executable_path/Frameworks",
				);
				MARKETING_VERSION = 1.0;
				PRODUCT_BUNDLE_IDENTIFIER = "Roman.Netology-IB-Instruments-";
				PRODUCT_NAME = "$(TARGET_NAME)";
				SWIFT_EMIT_LOC_STRINGS = YES;
				SWIFT_VERSION = 5.0;
				TARGETED_DEVICE_FAMILY = "1,2";
			};
			name = Release;
		};
		79A9E5252864830700CC3DF3 /* Debug */ = {
			isa = XCBuildConfiguration;
			buildSettings = {
				CODE_SIGN_STYLE = Automatic;
				CURRENT_PROJECT_VERSION = 1;
				DEFINES_MODULE = YES;
				DEVELOPMENT_TEAM = V72FC8R65V;
				DYLIB_COMPATIBILITY_VERSION = 1;
				DYLIB_CURRENT_VERSION = 1;
				DYLIB_INSTALL_NAME_BASE = "@rpath";
				GENERATE_INFOPLIST_FILE = YES;
				INFOPLIST_KEY_NSHumanReadableCopyright = "";
				INSTALL_PATH = "$(LOCAL_LIBRARY_DIR)/Frameworks";
				IPHONEOS_DEPLOYMENT_TARGET = 13.0;
				LD_RUNPATH_SEARCH_PATHS = (
					"$(inherited)",
					"@executable_path/Frameworks",
					"@loader_path/Frameworks",
				);
				MARKETING_VERSION = 1.0;
				PRODUCT_BUNDLE_IDENTIFIER = Roman.StorageService;
				PRODUCT_NAME = "$(TARGET_NAME:c99extidentifier)";
				SKIP_INSTALL = YES;
				SUPPORTS_MACCATALYST = NO;
				SWIFT_EMIT_LOC_STRINGS = YES;
				SWIFT_VERSION = 5.0;
				TARGETED_DEVICE_FAMILY = "1,2";
				TVOS_DEPLOYMENT_TARGET = 13.0;
				VERSIONING_SYSTEM = "apple-generic";
				VERSION_INFO_PREFIX = "";
			};
			name = Debug;
		};
		79A9E5262864830700CC3DF3 /* Release */ = {
			isa = XCBuildConfiguration;
			buildSettings = {
				CODE_SIGN_STYLE = Automatic;
				CURRENT_PROJECT_VERSION = 1;
				DEFINES_MODULE = YES;
				DEVELOPMENT_TEAM = V72FC8R65V;
				DYLIB_COMPATIBILITY_VERSION = 1;
				DYLIB_CURRENT_VERSION = 1;
				DYLIB_INSTALL_NAME_BASE = "@rpath";
				GENERATE_INFOPLIST_FILE = YES;
				INFOPLIST_KEY_NSHumanReadableCopyright = "";
				INSTALL_PATH = "$(LOCAL_LIBRARY_DIR)/Frameworks";
				IPHONEOS_DEPLOYMENT_TARGET = 13.0;
				LD_RUNPATH_SEARCH_PATHS = (
					"$(inherited)",
					"@executable_path/Frameworks",
					"@loader_path/Frameworks",
				);
				MARKETING_VERSION = 1.0;
				PRODUCT_BUNDLE_IDENTIFIER = Roman.StorageService;
				PRODUCT_NAME = "$(TARGET_NAME:c99extidentifier)";
				SKIP_INSTALL = YES;
				SUPPORTS_MACCATALYST = NO;
				SWIFT_EMIT_LOC_STRINGS = YES;
				SWIFT_VERSION = 5.0;
				TARGETED_DEVICE_FAMILY = "1,2";
				TVOS_DEPLOYMENT_TARGET = 13.0;
				VERSIONING_SYSTEM = "apple-generic";
				VERSION_INFO_PREFIX = "";
			};
			name = Release;
		};
/* End XCBuildConfiguration section */

/* Begin XCConfigurationList section */
		794D506C28183BFA00B1A28E /* Build configuration list for PBXProject "Netology_IOS_graduate_work" */ = {
			isa = XCConfigurationList;
			buildConfigurations = (
				794D508328183BFB00B1A28E /* Debug */,
				794D508428183BFB00B1A28E /* Release */,
			);
			defaultConfigurationIsVisible = 0;
			defaultConfigurationName = Release;
		};
		794D508528183BFB00B1A28E /* Build configuration list for PBXNativeTarget "Netology_IOS_graduate_work" */ = {
			isa = XCConfigurationList;
			buildConfigurations = (
				794D508628183BFB00B1A28E /* Debug */,
				794D508728183BFB00B1A28E /* Release */,
			);
			defaultConfigurationIsVisible = 0;
			defaultConfigurationName = Release;
		};
		79A9E5272864830700CC3DF3 /* Build configuration list for PBXNativeTarget "StorageService" */ = {
			isa = XCConfigurationList;
			buildConfigurations = (
				79A9E5252864830700CC3DF3 /* Debug */,
				79A9E5262864830700CC3DF3 /* Release */,
			);
			defaultConfigurationIsVisible = 0;
			defaultConfigurationName = Release;
		};
/* End XCConfigurationList section */
	};
	rootObject = 794D506928183BFA00B1A28E /* Project object */;
}
