// !$*UTF8*$!
{
	archiveVersion = 1;
	classes = {
	};
	objectVersion = 55;
	objects = {

/* Begin PBXBuildFile section */
		79003B11284A2B530076EBAF /* UINavigationController.swift in Sources */ = {isa = PBXBuildFile; fileRef = 79003B10284A2B530076EBAF /* UINavigationController.swift */; };
		7934AD8B28798ABB00116FC0 /* ProfileViewModel.swift in Sources */ = {isa = PBXBuildFile; fileRef = 7934AD8A28798ABB00116FC0 /* ProfileViewModel.swift */; };
		79372D85282D74450082DAB1 /* LogInViewController.swift in Sources */ = {isa = PBXBuildFile; fileRef = 79372D84282D74450082DAB1 /* LogInViewController.swift */; };
		79398E71281AC84700E2648C /* Post.swift in Sources */ = {isa = PBXBuildFile; fileRef = 79398E70281AC84700E2648C /* Post.swift */; };
		79398E73281AD24600E2648C /* InfoViewController.swift in Sources */ = {isa = PBXBuildFile; fileRef = 79398E72281AD24600E2648C /* InfoViewController.swift */; };
		794D507528183BFA00B1A28E /* AppDelegate.swift in Sources */ = {isa = PBXBuildFile; fileRef = 794D507428183BFA00B1A28E /* AppDelegate.swift */; };
		794D507E28183BFB00B1A28E /* Assets.xcassets in Resources */ = {isa = PBXBuildFile; fileRef = 794D507D28183BFB00B1A28E /* Assets.xcassets */; };
		794D508128183BFB00B1A28E /* LaunchScreen.storyboard in Resources */ = {isa = PBXBuildFile; fileRef = 794D507F28183BFB00B1A28E /* LaunchScreen.storyboard */; };
		795E1FD92870A08300F590CD /* ProfileCoordinator.swift in Sources */ = {isa = PBXBuildFile; fileRef = 795E1FD82870A08300F590CD /* ProfileCoordinator.swift */; };
		795E1FDB2870B7A200F590CD /* LogInCoordinator.swift in Sources */ = {isa = PBXBuildFile; fileRef = 795E1FDA2870B7A200F590CD /* LogInCoordinator.swift */; };
		795E1FDF2871CEAA00F590CD /* Coordinator.swift in Sources */ = {isa = PBXBuildFile; fileRef = 795E1FDE2871CEAA00F590CD /* Coordinator.swift */; };
		795E1FE22874928000F590CD /* ProfileFactory.swift in Sources */ = {isa = PBXBuildFile; fileRef = 795E1FE12874928000F590CD /* ProfileFactory.swift */; };
		795E1FE42874928E00F590CD /* LogInFactory.swift in Sources */ = {isa = PBXBuildFile; fileRef = 795E1FE32874928E00F590CD /* LogInFactory.swift */; };
		795E1FE6287492A100F590CD /* FeedFactory.swift in Sources */ = {isa = PBXBuildFile; fileRef = 795E1FE5287492A100F590CD /* FeedFactory.swift */; };
		795E1FE8287492C700F590CD /* CoordinatorFactory.swift in Sources */ = {isa = PBXBuildFile; fileRef = 795E1FE7287492C700F590CD /* CoordinatorFactory.swift */; };
		795E1FEB2874A3B000F590CD /* FeedCoordinator.swift in Sources */ = {isa = PBXBuildFile; fileRef = 795E1FEA2874A3B000F590CD /* FeedCoordinator.swift */; };
		795E1FED2874A48B00F590CD /* UserData.swift in Sources */ = {isa = PBXBuildFile; fileRef = 795E1FEC2874A48B00F590CD /* UserData.swift */; };
		795E1FEF2874BDEB00F590CD /* MainCoordinator.swift in Sources */ = {isa = PBXBuildFile; fileRef = 795E1FEE2874BDEB00F590CD /* MainCoordinator.swift */; };
		7961E84F2842099E001C4631 /* Posts.swift in Sources */ = {isa = PBXBuildFile; fileRef = 7961E84E2842099E001C4631 /* Posts.swift */; };
		7962685D283E1EF700C619AC /* PhotosTableViewCell.swift in Sources */ = {isa = PBXBuildFile; fileRef = 7962685C283E1EF700C619AC /* PhotosTableViewCell.swift */; };
		7985A922281BE3350043F288 /* ProfileHeaderView.swift in Sources */ = {isa = PBXBuildFile; fileRef = 7985A921281BE3350043F288 /* ProfileHeaderView.swift */; };
		798C615228367239009EAF50 /* PostTableViewCell.swift in Sources */ = {isa = PBXBuildFile; fileRef = 798C615128367239009EAF50 /* PostTableViewCell.swift */; };
		798C61542836AEF8009EAF50 /* UIView+extension.swift in Sources */ = {isa = PBXBuildFile; fileRef = 798C61532836AEF8009EAF50 /* UIView+extension.swift */; };
		79C1419D286F0F2F00146F90 /* AppCoordinator.swift in Sources */ = {isa = PBXBuildFile; fileRef = 79C1419C286F0F2F00146F90 /* AppCoordinator.swift */; };
		79C141A0286F0FFC00146F90 /* LogInViewModel.swift in Sources */ = {isa = PBXBuildFile; fileRef = 79C1419F286F0FFC00146F90 /* LogInViewModel.swift */; };
		79C141A2286F2D7500146F90 /* User.swift in Sources */ = {isa = PBXBuildFile; fileRef = 79C141A1286F2D7500146F90 /* User.swift */; };
		79C141A7286F2FFB00146F90 /* FetchService.swift in Sources */ = {isa = PBXBuildFile; fileRef = 79C141A6286F2FFB00146F90 /* FetchService.swift */; };
		79C141AA286F5A0B00146F90 /* ModuleFactory.swift in Sources */ = {isa = PBXBuildFile; fileRef = 79C141A9286F5A0B00146F90 /* ModuleFactory.swift */; };
		79C53EEB281AB36800E56961 /* FeedViewController.swift in Sources */ = {isa = PBXBuildFile; fileRef = 79C53EEA281AB36800E56961 /* FeedViewController.swift */; };
		79C53EED281AB3E500E56961 /* ProfileViewController.swift in Sources */ = {isa = PBXBuildFile; fileRef = 79C53EEC281AB3E500E56961 /* ProfileViewController.swift */; };
		79C53EF1281ABB5600E56961 /* PostViewController.swift in Sources */ = {isa = PBXBuildFile; fileRef = 79C53EF0281ABB5600E56961 /* PostViewController.swift */; };
		79C94A722842520D00925AAA /* PhotosViewController.swift in Sources */ = {isa = PBXBuildFile; fileRef = 79C94A712842520D00925AAA /* PhotosViewController.swift */; };
		79C94A7628428CD300925AAA /* PhotosCollectionViewCell.swift in Sources */ = {isa = PBXBuildFile; fileRef = 79C94A7528428CD300925AAA /* PhotosCollectionViewCell.swift */; };
/* End PBXBuildFile section */

/* Begin PBXFileReference section */
		79003B10284A2B530076EBAF /* UINavigationController.swift */ = {isa = PBXFileReference; lastKnownFileType = sourcecode.swift; path = UINavigationController.swift; sourceTree = "<group>"; };
		7934AD8A28798ABB00116FC0 /* ProfileViewModel.swift */ = {isa = PBXFileReference; lastKnownFileType = sourcecode.swift; path = ProfileViewModel.swift; sourceTree = "<group>"; };
		79372D84282D74450082DAB1 /* LogInViewController.swift */ = {isa = PBXFileReference; lastKnownFileType = sourcecode.swift; path = LogInViewController.swift; sourceTree = "<group>"; };
		79398E70281AC84700E2648C /* Post.swift */ = {isa = PBXFileReference; lastKnownFileType = sourcecode.swift; path = Post.swift; sourceTree = "<group>"; };
		79398E72281AD24600E2648C /* InfoViewController.swift */ = {isa = PBXFileReference; lastKnownFileType = sourcecode.swift; path = InfoViewController.swift; sourceTree = "<group>"; };
		794D507128183BFA00B1A28E /* Netology_IOS_graduate_work.app */ = {isa = PBXFileReference; explicitFileType = wrapper.application; includeInIndex = 0; path = Netology_IOS_graduate_work.app; sourceTree = BUILT_PRODUCTS_DIR; };
		794D507428183BFA00B1A28E /* AppDelegate.swift */ = {isa = PBXFileReference; lastKnownFileType = sourcecode.swift; path = AppDelegate.swift; sourceTree = "<group>"; };
		794D507D28183BFB00B1A28E /* Assets.xcassets */ = {isa = PBXFileReference; lastKnownFileType = folder.assetcatalog; path = Assets.xcassets; sourceTree = "<group>"; };
		794D508028183BFB00B1A28E /* Base */ = {isa = PBXFileReference; lastKnownFileType = file.storyboard; name = Base; path = Base.lproj/LaunchScreen.storyboard; sourceTree = "<group>"; };
		794D508228183BFB00B1A28E /* Info.plist */ = {isa = PBXFileReference; lastKnownFileType = text.plist.xml; path = Info.plist; sourceTree = "<group>"; };
		795E1FD82870A08300F590CD /* ProfileCoordinator.swift */ = {isa = PBXFileReference; lastKnownFileType = sourcecode.swift; path = ProfileCoordinator.swift; sourceTree = "<group>"; };
		795E1FDA2870B7A200F590CD /* LogInCoordinator.swift */ = {isa = PBXFileReference; lastKnownFileType = sourcecode.swift; path = LogInCoordinator.swift; sourceTree = "<group>"; };
		795E1FDE2871CEAA00F590CD /* Coordinator.swift */ = {isa = PBXFileReference; lastKnownFileType = sourcecode.swift; path = Coordinator.swift; sourceTree = "<group>"; };
		795E1FE12874928000F590CD /* ProfileFactory.swift */ = {isa = PBXFileReference; lastKnownFileType = sourcecode.swift; path = ProfileFactory.swift; sourceTree = "<group>"; };
		795E1FE32874928E00F590CD /* LogInFactory.swift */ = {isa = PBXFileReference; lastKnownFileType = sourcecode.swift; path = LogInFactory.swift; sourceTree = "<group>"; };
		795E1FE5287492A100F590CD /* FeedFactory.swift */ = {isa = PBXFileReference; lastKnownFileType = sourcecode.swift; path = FeedFactory.swift; sourceTree = "<group>"; };
		795E1FE7287492C700F590CD /* CoordinatorFactory.swift */ = {isa = PBXFileReference; lastKnownFileType = sourcecode.swift; path = CoordinatorFactory.swift; sourceTree = "<group>"; };
		795E1FEA2874A3B000F590CD /* FeedCoordinator.swift */ = {isa = PBXFileReference; lastKnownFileType = sourcecode.swift; path = FeedCoordinator.swift; sourceTree = "<group>"; };
		795E1FEC2874A48B00F590CD /* UserData.swift */ = {isa = PBXFileReference; lastKnownFileType = sourcecode.swift; path = UserData.swift; sourceTree = "<group>"; };
		795E1FEE2874BDEB00F590CD /* MainCoordinator.swift */ = {isa = PBXFileReference; lastKnownFileType = sourcecode.swift; path = MainCoordinator.swift; sourceTree = "<group>"; };
		7961E84E2842099E001C4631 /* Posts.swift */ = {isa = PBXFileReference; lastKnownFileType = sourcecode.swift; path = Posts.swift; sourceTree = "<group>"; };
		7962685C283E1EF700C619AC /* PhotosTableViewCell.swift */ = {isa = PBXFileReference; lastKnownFileType = sourcecode.swift; path = PhotosTableViewCell.swift; sourceTree = "<group>"; };
		7985A921281BE3350043F288 /* ProfileHeaderView.swift */ = {isa = PBXFileReference; lastKnownFileType = sourcecode.swift; path = ProfileHeaderView.swift; sourceTree = "<group>"; };
		798C615128367239009EAF50 /* PostTableViewCell.swift */ = {isa = PBXFileReference; lastKnownFileType = sourcecode.swift; path = PostTableViewCell.swift; sourceTree = "<group>"; };
		798C61532836AEF8009EAF50 /* UIView+extension.swift */ = {isa = PBXFileReference; lastKnownFileType = sourcecode.swift; path = "UIView+extension.swift"; sourceTree = "<group>"; };
		79C1419C286F0F2F00146F90 /* AppCoordinator.swift */ = {isa = PBXFileReference; lastKnownFileType = sourcecode.swift; path = AppCoordinator.swift; sourceTree = "<group>"; };
		79C1419F286F0FFC00146F90 /* LogInViewModel.swift */ = {isa = PBXFileReference; lastKnownFileType = sourcecode.swift; path = LogInViewModel.swift; sourceTree = "<group>"; };
		79C141A1286F2D7500146F90 /* User.swift */ = {isa = PBXFileReference; lastKnownFileType = sourcecode.swift; path = User.swift; sourceTree = "<group>"; };
		79C141A6286F2FFB00146F90 /* FetchService.swift */ = {isa = PBXFileReference; lastKnownFileType = sourcecode.swift; path = FetchService.swift; sourceTree = "<group>"; };
		79C141A9286F5A0B00146F90 /* ModuleFactory.swift */ = {isa = PBXFileReference; lastKnownFileType = sourcecode.swift; path = ModuleFactory.swift; sourceTree = "<group>"; };
		79C53EEA281AB36800E56961 /* FeedViewController.swift */ = {isa = PBXFileReference; lastKnownFileType = sourcecode.swift; path = FeedViewController.swift; sourceTree = "<group>"; };
		79C53EEC281AB3E500E56961 /* ProfileViewController.swift */ = {isa = PBXFileReference; lastKnownFileType = sourcecode.swift; path = ProfileViewController.swift; sourceTree = "<group>"; };
		79C53EF0281ABB5600E56961 /* PostViewController.swift */ = {isa = PBXFileReference; lastKnownFileType = sourcecode.swift; path = PostViewController.swift; sourceTree = "<group>"; };
		79C94A712842520D00925AAA /* PhotosViewController.swift */ = {isa = PBXFileReference; lastKnownFileType = sourcecode.swift; path = PhotosViewController.swift; sourceTree = "<group>"; };
		79C94A7528428CD300925AAA /* PhotosCollectionViewCell.swift */ = {isa = PBXFileReference; lastKnownFileType = sourcecode.swift; path = PhotosCollectionViewCell.swift; sourceTree = "<group>"; };
/* End PBXFileReference section */

/* Begin PBXFrameworksBuildPhase section */
		794D506E28183BFA00B1A28E /* Frameworks */ = {
			isa = PBXFrameworksBuildPhase;
			buildActionMask = 2147483647;
			files = (
			);
			runOnlyForDeploymentPostprocessing = 0;
		};
/* End PBXFrameworksBuildPhase section */

/* Begin PBXGroup section */
		791A9523283CD3C6003FB6B4 /* Models */ = {
			isa = PBXGroup;
			children = (
				79398E70281AC84700E2648C /* Post.swift */,
				79C141A1286F2D7500146F90 /* User.swift */,
				795E1FEC2874A48B00F590CD /* UserData.swift */,
			);
			path = Models;
			sourceTree = "<group>";
		};
		7927B4522874EE5100DD339C /* LogInFlow */ = {
			isa = PBXGroup;
			children = (
				795E1FDA2870B7A200F590CD /* LogInCoordinator.swift */,
				7927B4552874EED800DD339C /* LogIn */,
			);
			path = LogInFlow;
			sourceTree = "<group>";
		};
		7927B4532874EEAD00DD339C /* ProfileFlow */ = {
			isa = PBXGroup;
			children = (
				795E1FD82870A08300F590CD /* ProfileCoordinator.swift */,
				7927B4542874EEB700DD339C /* Profile */,
				7927B4562874EEFE00DD339C /* Photos */,
			);
			path = ProfileFlow;
			sourceTree = "<group>";
		};
		7927B4542874EEB700DD339C /* Profile */ = {
			isa = PBXGroup;
			children = (
				79C53EEC281AB3E500E56961 /* ProfileViewController.swift */,
				7934AD8A28798ABB00116FC0 /* ProfileViewModel.swift */,
				7985A921281BE3350043F288 /* ProfileHeaderView.swift */,
				7962685C283E1EF700C619AC /* PhotosTableViewCell.swift */,
				798C615128367239009EAF50 /* PostTableViewCell.swift */,
			);
			path = Profile;
			sourceTree = "<group>";
		};
		7927B4552874EED800DD339C /* LogIn */ = {
			isa = PBXGroup;
			children = (
				79372D84282D74450082DAB1 /* LogInViewController.swift */,
				79C1419F286F0FFC00146F90 /* LogInViewModel.swift */,
			);
			path = LogIn;
			sourceTree = "<group>";
		};
		7927B4562874EEFE00DD339C /* Photos */ = {
			isa = PBXGroup;
			children = (
				79C94A7528428CD300925AAA /* PhotosCollectionViewCell.swift */,
				79C94A712842520D00925AAA /* PhotosViewController.swift */,
			);
			path = Photos;
			sourceTree = "<group>";
		};
		7927B4572874EF5C00DD339C /* FeedFlow */ = {
			isa = PBXGroup;
			children = (
				795E1FEA2874A3B000F590CD /* FeedCoordinator.swift */,
				7927B4582874EF6300DD339C /* Feed */,
			);
			path = FeedFlow;
			sourceTree = "<group>";
		};
		7927B4582874EF6300DD339C /* Feed */ = {
			isa = PBXGroup;
			children = (
				79C53EEA281AB36800E56961 /* FeedViewController.swift */,
				79398E72281AD24600E2648C /* InfoViewController.swift */,
				79C53EF0281ABB5600E56961 /* PostViewController.swift */,
			);
			path = Feed;
			sourceTree = "<group>";
		};
		7927B4592874EFC200DD339C /* Flows */ = {
			isa = PBXGroup;
			children = (
				79C1419C286F0F2F00146F90 /* AppCoordinator.swift */,
				7927B4522874EE5100DD339C /* LogInFlow */,
				79F2907D2875A8DE002DE458 /* MainFlow */,
			);
			path = Flows;
			sourceTree = "<group>";
		};
		794D506828183BFA00B1A28E = {
			isa = PBXGroup;
			children = (
				794D507328183BFA00B1A28E /* Netology_IOS_graduate_work */,
				794D507228183BFA00B1A28E /* Products */,
			);
			sourceTree = "<group>";
		};
		794D507228183BFA00B1A28E /* Products */ = {
			isa = PBXGroup;
			children = (
				794D507128183BFA00B1A28E /* Netology_IOS_graduate_work.app */,
			);
			name = Products;
			sourceTree = "<group>";
		};
		794D507328183BFA00B1A28E /* Netology_IOS_graduate_work */ = {
			isa = PBXGroup;
			children = (
				7927B4592874EFC200DD339C /* Flows */,
				79C141A8286F59F600146F90 /* Factories */,
				791A9523283CD3C6003FB6B4 /* Models */,
				79C141A3286F2EBB00146F90 /* Services */,
				7961E84D28420973001C4631 /* Data */,
				795E1FE02874924200F590CD /* Protocols */,
				79ECD41D28379F70003A2F68 /* Extensions */,
				794D507428183BFA00B1A28E /* AppDelegate.swift */,
				794D507D28183BFB00B1A28E /* Assets.xcassets */,
				794D507F28183BFB00B1A28E /* LaunchScreen.storyboard */,
				794D508228183BFB00B1A28E /* Info.plist */,
			);
			path = Netology_IOS_graduate_work;
			sourceTree = "<group>";
		};
		795E1FE02874924200F590CD /* Protocols */ = {
			isa = PBXGroup;
			children = (
				795E1FDE2871CEAA00F590CD /* Coordinator.swift */,
			);
			path = Protocols;
			sourceTree = "<group>";
		};
		7961E84D28420973001C4631 /* Data */ = {
			isa = PBXGroup;
			children = (
				7961E84E2842099E001C4631 /* Posts.swift */,
			);
			path = Data;
			sourceTree = "<group>";
		};
		79C141A3286F2EBB00146F90 /* Services */ = {
			isa = PBXGroup;
			children = (
				79C141A6286F2FFB00146F90 /* FetchService.swift */,
			);
			path = Services;
			sourceTree = "<group>";
		};
		79C141A8286F59F600146F90 /* Factories */ = {
			isa = PBXGroup;
			children = (
				79F2907C28759C3F002DE458 /* Protocols */,
				79C141A9286F5A0B00146F90 /* ModuleFactory.swift */,
				795E1FE7287492C700F590CD /* CoordinatorFactory.swift */,
			);
			path = Factories;
			sourceTree = "<group>";
		};
		79ECD41D28379F70003A2F68 /* Extensions */ = {
			isa = PBXGroup;
			children = (
				798C61532836AEF8009EAF50 /* UIView+extension.swift */,
				79003B10284A2B530076EBAF /* UINavigationController.swift */,
			);
			path = Extensions;
			sourceTree = "<group>";
		};
		79F2907C28759C3F002DE458 /* Protocols */ = {
			isa = PBXGroup;
			children = (
				795E1FE32874928E00F590CD /* LogInFactory.swift */,
				795E1FE12874928000F590CD /* ProfileFactory.swift */,
				795E1FE5287492A100F590CD /* FeedFactory.swift */,
			);
			path = Protocols;
			sourceTree = "<group>";
		};
		79F2907D2875A8DE002DE458 /* MainFlow */ = {
			isa = PBXGroup;
			children = (
				795E1FEE2874BDEB00F590CD /* MainCoordinator.swift */,
				7927B4532874EEAD00DD339C /* ProfileFlow */,
				7927B4572874EF5C00DD339C /* FeedFlow */,
			);
			path = MainFlow;
			sourceTree = "<group>";
		};
/* End PBXGroup section */

/* Begin PBXNativeTarget section */
		794D507028183BFA00B1A28E /* Netology_IOS_graduate_work */ = {
			isa = PBXNativeTarget;
			buildConfigurationList = 794D508528183BFB00B1A28E /* Build configuration list for PBXNativeTarget "Netology_IOS_graduate_work" */;
			buildPhases = (
				794D506D28183BFA00B1A28E /* Sources */,
				794D506E28183BFA00B1A28E /* Frameworks */,
				794D506F28183BFA00B1A28E /* Resources */,
			);
			buildRules = (
			);
			dependencies = (
			);
			name = Netology_IOS_graduate_work;
			productName = "Netology_IB_Instruments'";
			productReference = 794D507128183BFA00B1A28E /* Netology_IOS_graduate_work.app */;
			productType = "com.apple.product-type.application";
		};
/* End PBXNativeTarget section */

/* Begin PBXProject section */
		794D506928183BFA00B1A28E /* Project object */ = {
			isa = PBXProject;
			attributes = {
				BuildIndependentTargetsInParallel = 1;
				KnownAssetTags = (
					New,
				);
				LastSwiftUpdateCheck = 1330;
				LastUpgradeCheck = 1330;
				TargetAttributes = {
					794D507028183BFA00B1A28E = {
						CreatedOnToolsVersion = 13.3.1;
					};
				};
			};
			buildConfigurationList = 794D506C28183BFA00B1A28E /* Build configuration list for PBXProject "Netology_IOS_graduate_work" */;
			compatibilityVersion = "Xcode 13.0";
			developmentRegion = en;
			hasScannedForEncodings = 0;
			knownRegions = (
				en,
				Base,
			);
			mainGroup = 794D506828183BFA00B1A28E;
			productRefGroup = 794D507228183BFA00B1A28E /* Products */;
			projectDirPath = "";
			projectRoot = "";
			targets = (
				794D507028183BFA00B1A28E /* Netology_IOS_graduate_work */,
			);
		};
/* End PBXProject section */

/* Begin PBXResourcesBuildPhase section */
		794D506F28183BFA00B1A28E /* Resources */ = {
			isa = PBXResourcesBuildPhase;
			buildActionMask = 2147483647;
			files = (
				794D508128183BFB00B1A28E /* LaunchScreen.storyboard in Resources */,
				794D507E28183BFB00B1A28E /* Assets.xcassets in Resources */,
			);
			runOnlyForDeploymentPostprocessing = 0;
		};
/* End PBXResourcesBuildPhase section */

/* Begin PBXSourcesBuildPhase section */
		794D506D28183BFA00B1A28E /* Sources */ = {
			isa = PBXSourcesBuildPhase;
			buildActionMask = 2147483647;
			files = (
				795E1FE6287492A100F590CD /* FeedFactory.swift in Sources */,
				795E1FE42874928E00F590CD /* LogInFactory.swift in Sources */,
				795E1FD92870A08300F590CD /* ProfileCoordinator.swift in Sources */,
				798C61542836AEF8009EAF50 /* UIView+extension.swift in Sources */,
				795E1FEB2874A3B000F590CD /* FeedCoordinator.swift in Sources */,
				79C53EF1281ABB5600E56961 /* PostViewController.swift in Sources */,
				794D507528183BFA00B1A28E /* AppDelegate.swift in Sources */,
				79372D85282D74450082DAB1 /* LogInViewController.swift in Sources */,
				79C141A7286F2FFB00146F90 /* FetchService.swift in Sources */,
				7962685D283E1EF700C619AC /* PhotosTableViewCell.swift in Sources */,
				7961E84F2842099E001C4631 /* Posts.swift in Sources */,
				79C53EED281AB3E500E56961 /* ProfileViewController.swift in Sources */,
				79398E73281AD24600E2648C /* InfoViewController.swift in Sources */,
				795E1FEF2874BDEB00F590CD /* MainCoordinator.swift in Sources */,
				7934AD8B28798ABB00116FC0 /* ProfileViewModel.swift in Sources */,
				79398E71281AC84700E2648C /* Post.swift in Sources */,
				795E1FE22874928000F590CD /* ProfileFactory.swift in Sources */,
				79C1419D286F0F2F00146F90 /* AppCoordinator.swift in Sources */,
				79003B11284A2B530076EBAF /* UINavigationController.swift in Sources */,
				795E1FED2874A48B00F590CD /* UserData.swift in Sources */,
				79C141AA286F5A0B00146F90 /* ModuleFactory.swift in Sources */,
				79C53EEB281AB36800E56961 /* FeedViewController.swift in Sources */,
				79C94A7628428CD300925AAA /* PhotosCollectionViewCell.swift in Sources */,
				79C94A722842520D00925AAA /* PhotosViewController.swift in Sources */,
				79C141A2286F2D7500146F90 /* User.swift in Sources */,
				7985A922281BE3350043F288 /* ProfileHeaderView.swift in Sources */,
				795E1FE8287492C700F590CD /* CoordinatorFactory.swift in Sources */,
				798C615228367239009EAF50 /* PostTableViewCell.swift in Sources */,
				795E1FDF2871CEAA00F590CD /* Coordinator.swift in Sources */,
				795E1FDB2870B7A200F590CD /* LogInCoordinator.swift in Sources */,
				79C141A0286F0FFC00146F90 /* LogInViewModel.swift in Sources */,
			);
			runOnlyForDeploymentPostprocessing = 0;
		};
/* End PBXSourcesBuildPhase section */

/* Begin PBXVariantGroup section */
		794D507F28183BFB00B1A28E /* LaunchScreen.storyboard */ = {
			isa = PBXVariantGroup;
			children = (
				794D508028183BFB00B1A28E /* Base */,
			);
			name = LaunchScreen.storyboard;
			sourceTree = "<group>";
		};
/* End PBXVariantGroup section */

/* Begin XCBuildConfiguration section */
		794D508328183BFB00B1A28E /* Debug */ = {
			isa = XCBuildConfiguration;
			buildSettings = {
				ALWAYS_SEARCH_USER_PATHS = NO;
				CLANG_ANALYZER_NONNULL = YES;
				CLANG_ANALYZER_NUMBER_OBJECT_CONVERSION = YES_AGGRESSIVE;
				CLANG_CXX_LANGUAGE_STANDARD = "gnu++17";
				CLANG_ENABLE_MODULES = YES;
				CLANG_ENABLE_OBJC_ARC = YES;
				CLANG_ENABLE_OBJC_WEAK = YES;
				CLANG_WARN_BLOCK_CAPTURE_AUTORELEASING = YES;
				CLANG_WARN_BOOL_CONVERSION = YES;
				CLANG_WARN_COMMA = YES;
				CLANG_WARN_CONSTANT_CONVERSION = YES;
				CLANG_WARN_DEPRECATED_OBJC_IMPLEMENTATIONS = YES;
				CLANG_WARN_DIRECT_OBJC_ISA_USAGE = YES_ERROR;
				CLANG_WARN_DOCUMENTATION_COMMENTS = YES;
				CLANG_WARN_EMPTY_BODY = YES;
				CLANG_WARN_ENUM_CONVERSION = YES;
				CLANG_WARN_INFINITE_RECURSION = YES;
				CLANG_WARN_INT_CONVERSION = YES;
				CLANG_WARN_NON_LITERAL_NULL_CONVERSION = YES;
				CLANG_WARN_OBJC_IMPLICIT_RETAIN_SELF = YES;
				CLANG_WARN_OBJC_LITERAL_CONVERSION = YES;
				CLANG_WARN_OBJC_ROOT_CLASS = YES_ERROR;
				CLANG_WARN_QUOTED_INCLUDE_IN_FRAMEWORK_HEADER = YES;
				CLANG_WARN_RANGE_LOOP_ANALYSIS = YES;
				CLANG_WARN_STRICT_PROTOTYPES = YES;
				CLANG_WARN_SUSPICIOUS_MOVE = YES;
				CLANG_WARN_UNGUARDED_AVAILABILITY = YES_AGGRESSIVE;
				CLANG_WARN_UNREACHABLE_CODE = YES;
				CLANG_WARN__DUPLICATE_METHOD_MATCH = YES;
				COPY_PHASE_STRIP = NO;
				DEBUG_INFORMATION_FORMAT = dwarf;
				ENABLE_STRICT_OBJC_MSGSEND = YES;
				ENABLE_TESTABILITY = YES;
				GCC_C_LANGUAGE_STANDARD = gnu11;
				GCC_DYNAMIC_NO_PIC = NO;
				GCC_NO_COMMON_BLOCKS = YES;
				GCC_OPTIMIZATION_LEVEL = 0;
				GCC_PREPROCESSOR_DEFINITIONS = (
					"DEBUG=1",
					"$(inherited)",
				);
				GCC_WARN_64_TO_32_BIT_CONVERSION = YES;
				GCC_WARN_ABOUT_RETURN_TYPE = YES_ERROR;
				GCC_WARN_UNDECLARED_SELECTOR = YES;
				GCC_WARN_UNINITIALIZED_AUTOS = YES_AGGRESSIVE;
				GCC_WARN_UNUSED_FUNCTION = YES;
				GCC_WARN_UNUSED_VARIABLE = YES;
				IPHONEOS_DEPLOYMENT_TARGET = 15.4;
				MTL_ENABLE_DEBUG_INFO = INCLUDE_SOURCE;
				MTL_FAST_MATH = YES;
				ONLY_ACTIVE_ARCH = YES;
				SDKROOT = iphoneos;
				SWIFT_ACTIVE_COMPILATION_CONDITIONS = DEBUG;
				SWIFT_OPTIMIZATION_LEVEL = "-Onone";
			};
			name = Debug;
		};
		794D508428183BFB00B1A28E /* Release */ = {
			isa = XCBuildConfiguration;
			buildSettings = {
				ALWAYS_SEARCH_USER_PATHS = NO;
				CLANG_ANALYZER_NONNULL = YES;
				CLANG_ANALYZER_NUMBER_OBJECT_CONVERSION = YES_AGGRESSIVE;
				CLANG_CXX_LANGUAGE_STANDARD = "gnu++17";
				CLANG_ENABLE_MODULES = YES;
				CLANG_ENABLE_OBJC_ARC = YES;
				CLANG_ENABLE_OBJC_WEAK = YES;
				CLANG_WARN_BLOCK_CAPTURE_AUTORELEASING = YES;
				CLANG_WARN_BOOL_CONVERSION = YES;
				CLANG_WARN_COMMA = YES;
				CLANG_WARN_CONSTANT_CONVERSION = YES;
				CLANG_WARN_DEPRECATED_OBJC_IMPLEMENTATIONS = YES;
				CLANG_WARN_DIRECT_OBJC_ISA_USAGE = YES_ERROR;
				CLANG_WARN_DOCUMENTATION_COMMENTS = YES;
				CLANG_WARN_EMPTY_BODY = YES;
				CLANG_WARN_ENUM_CONVERSION = YES;
				CLANG_WARN_INFINITE_RECURSION = YES;
				CLANG_WARN_INT_CONVERSION = YES;
				CLANG_WARN_NON_LITERAL_NULL_CONVERSION = YES;
				CLANG_WARN_OBJC_IMPLICIT_RETAIN_SELF = YES;
				CLANG_WARN_OBJC_LITERAL_CONVERSION = YES;
				CLANG_WARN_OBJC_ROOT_CLASS = YES_ERROR;
				CLANG_WARN_QUOTED_INCLUDE_IN_FRAMEWORK_HEADER = YES;
				CLANG_WARN_RANGE_LOOP_ANALYSIS = YES;
				CLANG_WARN_STRICT_PROTOTYPES = YES;
				CLANG_WARN_SUSPICIOUS_MOVE = YES;
				CLANG_WARN_UNGUARDED_AVAILABILITY = YES_AGGRESSIVE;
				CLANG_WARN_UNREACHABLE_CODE = YES;
				CLANG_WARN__DUPLICATE_METHOD_MATCH = YES;
				COPY_PHASE_STRIP = NO;
				DEBUG_INFORMATION_FORMAT = "dwarf-with-dsym";
				ENABLE_NS_ASSERTIONS = NO;
				ENABLE_STRICT_OBJC_MSGSEND = YES;
				GCC_C_LANGUAGE_STANDARD = gnu11;
				GCC_NO_COMMON_BLOCKS = YES;
				GCC_WARN_64_TO_32_BIT_CONVERSION = YES;
				GCC_WARN_ABOUT_RETURN_TYPE = YES_ERROR;
				GCC_WARN_UNDECLARED_SELECTOR = YES;
				GCC_WARN_UNINITIALIZED_AUTOS = YES_AGGRESSIVE;
				GCC_WARN_UNUSED_FUNCTION = YES;
				GCC_WARN_UNUSED_VARIABLE = YES;
				IPHONEOS_DEPLOYMENT_TARGET = 15.4;
				MTL_ENABLE_DEBUG_INFO = NO;
				MTL_FAST_MATH = YES;
				SDKROOT = iphoneos;
				SWIFT_COMPILATION_MODE = wholemodule;
				SWIFT_OPTIMIZATION_LEVEL = "-O";
				VALIDATE_PRODUCT = YES;
			};
			name = Release;
		};
		794D508628183BFB00B1A28E /* Debug */ = {
			isa = XCBuildConfiguration;
			buildSettings = {
				ASSETCATALOG_COMPILER_APPICON_NAME = AppIcon;
				ASSETCATALOG_COMPILER_GLOBAL_ACCENT_COLOR_NAME = AccentColor;
				CODE_SIGN_STYLE = Automatic;
				CURRENT_PROJECT_VERSION = 1;
				DEVELOPMENT_TEAM = V72FC8R65V;
				GENERATE_INFOPLIST_FILE = YES;
				INFOPLIST_FILE = Netology_IOS_graduate_work/Info.plist;
				INFOPLIST_KEY_UIApplicationSupportsIndirectInputEvents = YES;
				INFOPLIST_KEY_UILaunchStoryboardName = LaunchScreen;
				INFOPLIST_KEY_UISupportedInterfaceOrientations_iPad = "UIInterfaceOrientationPortrait UIInterfaceOrientationPortraitUpsideDown UIInterfaceOrientationLandscapeLeft UIInterfaceOrientationLandscapeRight";
				INFOPLIST_KEY_UISupportedInterfaceOrientations_iPhone = "UIInterfaceOrientationPortrait UIInterfaceOrientationLandscapeLeft UIInterfaceOrientationLandscapeRight";
				LD_RUNPATH_SEARCH_PATHS = (
					"$(inherited)",
					"@executable_path/Frameworks",
				);
				MARKETING_VERSION = 1.0;
				PRODUCT_BUNDLE_IDENTIFIER = "Roman.Netology-IB-Instruments-";
				PRODUCT_NAME = "$(TARGET_NAME)";
				SWIFT_EMIT_LOC_STRINGS = YES;
				SWIFT_VERSION = 5.0;
				TARGETED_DEVICE_FAMILY = "1,2";
			};
			name = Debug;
		};
		794D508728183BFB00B1A28E /* Release */ = {
			isa = XCBuildConfiguration;
			buildSettings = {
				ASSETCATALOG_COMPILER_APPICON_NAME = AppIcon;
				ASSETCATALOG_COMPILER_GLOBAL_ACCENT_COLOR_NAME = AccentColor;
				CODE_SIGN_STYLE = Automatic;
				CURRENT_PROJECT_VERSION = 1;
				DEVELOPMENT_TEAM = V72FC8R65V;
				GENERATE_INFOPLIST_FILE = YES;
				INFOPLIST_FILE = Netology_IOS_graduate_work/Info.plist;
				INFOPLIST_KEY_UIApplicationSupportsIndirectInputEvents = YES;
				INFOPLIST_KEY_UILaunchStoryboardName = LaunchScreen;
				INFOPLIST_KEY_UISupportedInterfaceOrientations_iPad = "UIInterfaceOrientationPortrait UIInterfaceOrientationPortraitUpsideDown UIInterfaceOrientationLandscapeLeft UIInterfaceOrientationLandscapeRight";
				INFOPLIST_KEY_UISupportedInterfaceOrientations_iPhone = "UIInterfaceOrientationPortrait UIInterfaceOrientationLandscapeLeft UIInterfaceOrientationLandscapeRight";
				LD_RUNPATH_SEARCH_PATHS = (
					"$(inherited)",
					"@executable_path/Frameworks",
				);
				MARKETING_VERSION = 1.0;
				PRODUCT_BUNDLE_IDENTIFIER = "Roman.Netology-IB-Instruments-";
				PRODUCT_NAME = "$(TARGET_NAME)";
				SWIFT_EMIT_LOC_STRINGS = YES;
				SWIFT_VERSION = 5.0;
				TARGETED_DEVICE_FAMILY = "1,2";
			};
			name = Release;
		};
/* End XCBuildConfiguration section */

/* Begin XCConfigurationList section */
		794D506C28183BFA00B1A28E /* Build configuration list for PBXProject "Netology_IOS_graduate_work" */ = {
			isa = XCConfigurationList;
			buildConfigurations = (
				794D508328183BFB00B1A28E /* Debug */,
				794D508428183BFB00B1A28E /* Release */,
			);
			defaultConfigurationIsVisible = 0;
			defaultConfigurationName = Release;
		};
		794D508528183BFB00B1A28E /* Build configuration list for PBXNativeTarget "Netology_IOS_graduate_work" */ = {
			isa = XCConfigurationList;
			buildConfigurations = (
				794D508628183BFB00B1A28E /* Debug */,
				794D508728183BFB00B1A28E /* Release */,
			);
			defaultConfigurationIsVisible = 0;
			defaultConfigurationName = Release;
		};
/* End XCConfigurationList section */
	};
	rootObject = 794D506928183BFA00B1A28E /* Project object */;
}
